
Microsoft Visual Studio Solution File, Format Version 12.00
Project("{FAE04EC0-301F-11D3-BF4B-00C04F79EFBC}") = "CarTrack_API", "CarTrack_API\CarTrack_API.csproj", "{BFB977CC-B66F-4483-AA23-1A67987CD75C}"
EndProject
Global
	GlobalSection(SolutionConfigurationPlatforms) = preSolution
		Debug|Any CPU = Debug|Any CPU
		Release|Any CPU = Release|Any CPU
	EndGlobalSection
	GlobalSection(ProjectConfigurationPlatforms) = postSolution
		{BFB977CC-B66F-4483-AA23-1A67987CD75C}.Debug|Any CPU.ActiveCfg = Debug|Any CPU
		{BFB977CC-B66F-4483-AA23-1A67987CD75C}.Debug|Any CPU.Build.0 = Debug|Any CPU
		{BFB977CC-B66F-4483-AA23-1A67987CD75C}.Release|Any CPU.ActiveCfg = Release|Any CPU
		{BFB977CC-B66F-4483-AA23-1A67987CD75C}.Release|Any CPU.Build.0 = Release|Any CPU
	EndGlobalSection
EndGlobal
